
Microsoft Visual Studio Solution File, Format Version 12.00
# Visual Studio Version 17
VisualStudioVersion = 17.9.34723.18
MinimumVisualStudioVersion = 14.0.25420.1
Project("{2150E333-8FDC-42A3-9474-1A3956D46DE8}") = "utils", "utils", "{89F6A7EE-3BBE-45D3-A8A8-5D9366CD987B}"
EndProject
Project("{8BC9CEB8-8B4A-11D0-8D11-00A0C91BC942}") = "OpenAL32", "libraries\openal\OpenAL-Windows\Router\Router.vcxproj", "{566551F4-4EF1-4CB4-A131-F982E7606907}"
EndProject
Project("{8BC9CEB8-8B4A-11D0-8D11-00A0C91BC942}") = "CompressionTest", "utils\CompressionTest\CompressionTest.vcxproj", "{C961EA19-716C-4A6D-BB13-689F8FB78B01}"
	ProjectSection(ProjectDependencies) = postProject
		{A0F7D1FB-59A7-4717-A7E4-96F37E91998E} = {A0F7D1FB-59A7-4717-A7E4-96F37E91998E}
	EndProjectSection
EndProject
Project("{8BC9CEB8-8B4A-11D0-8D11-00A0C91BC942}") = "xrCompress", "utils\xrCompress\xrCompress.vcxproj", "{EF76867B-6EB8-4DC0-A1D6-E964FAD6FC7B}"
EndProject
Project("{8BC9CEB8-8B4A-11D0-8D11-00A0C91BC942}") = "DXT", "utils\xrDXT\DXT.vcxproj", "{EBF9B543-0830-4866-9B48-DC0740E87E8A}"
EndProject
Project("{8BC9CEB8-8B4A-11D0-8D11-00A0C91BC942}") = "xrCDB", "xrCDB\xrCDB.vcxproj", "{A19B1DF2-82EC-4364-8BDF-85D13A1C89B5}"
	ProjectSection(ProjectDependencies) = postProject
		{DAFD6D98-3DCD-40AD-BC85-EC71797B6767} = {DAFD6D98-3DCD-40AD-BC85-EC71797B6767}
	EndProjectSection
EndProject
Project("{8BC9CEB8-8B4A-11D0-8D11-00A0C91BC942}") = "xrCore", "xrCore\xrCore.vcxproj", "{A0F7D1FB-59A7-4717-A7E4-96F37E91998E}"
	ProjectSection(ProjectDependencies) = postProject
		{040C386C-FF76-4F9B-BF3B-BBB1AB0E250C} = {040C386C-FF76-4F9B-BF3B-BBB1AB0E250C}
		{CCD4AFAE-AA10-42C6-A452-FDEE497CCDF1} = {CCD4AFAE-AA10-42C6-A452-FDEE497CCDF1}
	EndProjectSection
EndProject
Project("{8BC9CEB8-8B4A-11D0-8D11-00A0C91BC942}") = "xrGame", "xrGame\xrGame.vcxproj", "{200652A6-043E-4634-8837-87983B3BD5E0}"
EndProject
Project("{8BC9CEB8-8B4A-11D0-8D11-00A0C91BC942}") = "xrNetServer", "xrNetServer\xrNetServer.vcxproj", "{435BAC9A-B225-457D-AB40-C9BD0CC8838C}"
EndProject
Project("{8BC9CEB8-8B4A-11D0-8D11-00A0C91BC942}") = "xrParticles", "xrParticles\xrParticles.vcxproj", "{94A1C366-3D19-48E6-8170-4ADC2E70DF97}"
EndProject
Project("{8BC9CEB8-8B4A-11D0-8D11-00A0C91BC942}") = "xrSound", "xrSound\xrSound.vcxproj", "{CCCA7859-EB86-493E-9B53-C4235F45B3C5}"
EndProject
Project("{8BC9CEB8-8B4A-11D0-8D11-00A0C91BC942}") = "xrAPI", "Layers\xrAPI\xrAPI.vcxproj", "{1DAEC516-E52C-4A3C-A4DA-AE3553E6E0F8}"
EndProject
Project("{8BC9CEB8-8B4A-11D0-8D11-00A0C91BC942}") = "xrEngine", "xrEngine\xrEngine.vcxproj", "{2578C6D8-660D-48AE-9322-7422F8664F06}"
	ProjectSection(ProjectDependencies) = postProject
		{61D4856F-FA82-4F02-BB88-909DDFB1FE74} = {61D4856F-FA82-4F02-BB88-909DDFB1FE74}
	EndProjectSection
EndProject
Project("{8BC9CEB8-8B4A-11D0-8D11-00A0C91BC942}") = "xrPhysics", "xrPhysics\xrPhysics.vcxproj", "{98D24A3D-7666-4C11-9D6E-B10393CE8CBA}"
EndProject
Project("{8BC9CEB8-8B4A-11D0-8D11-00A0C91BC942}") = "CxImage", "libraries\cximage\cximage.vcxproj", "{880CD250-BA77-4DAF-A8D4-552F12DD3AE4}"
EndProject
Project("{8BC9CEB8-8B4A-11D0-8D11-00A0C91BC942}") = "NVTT", "libraries\NVTT\NVTT.vcxproj", "{0EB257DC-5CFC-44B0-82C9-CE6B158BE473}"
EndProject
Project("{8BC9CEB8-8B4A-11D0-8D11-00A0C91BC942}") = "xrAICore", "xrAICore\xrAICore.vcxproj", "{5CB057D8-4464-40A6-AF10-C26B826D1D90}"
EndProject
Project("{8BC9CEB8-8B4A-11D0-8D11-00A0C91BC942}") = "xrScriptEngine", "xrScriptEngine\xrScriptEngine.vcxproj", "{132C62DE-DE85-4978-9675-C78ED4DA46F0}"
EndProject
Project("{8BC9CEB8-8B4A-11D0-8D11-00A0C91BC942}") = "Common", "Common\Common.vcxproj", "{EDB0DFAF-5D6F-4D74-AE66-0DDADE12A7F6}"
	ProjectSection(ProjectDependencies) = postProject
		{132C62DE-DE85-4978-9675-C78ED4DA46F0} = {132C62DE-DE85-4978-9675-C78ED4DA46F0}
		{1DAEC516-E52C-4A3C-A4DA-AE3553E6E0F8} = {1DAEC516-E52C-4A3C-A4DA-AE3553E6E0F8}
		{200652A6-043E-4634-8837-87983B3BD5E0} = {200652A6-043E-4634-8837-87983B3BD5E0}
		{2578C6D8-660D-48AE-9322-7422F8664F06} = {2578C6D8-660D-48AE-9322-7422F8664F06}
		{435BAC9A-B225-457D-AB40-C9BD0CC8838C} = {435BAC9A-B225-457D-AB40-C9BD0CC8838C}
		{5CB057D8-4464-40A6-AF10-C26B826D1D90} = {5CB057D8-4464-40A6-AF10-C26B826D1D90}
		{7885CF3C-EE04-4C67-9467-1FBF9A36B037} = {7885CF3C-EE04-4C67-9467-1FBF9A36B037}
		{94A1C366-3D19-48E6-8170-4ADC2E70DF97} = {94A1C366-3D19-48E6-8170-4ADC2E70DF97}
		{963BA4E5-499A-454D-B002-1D5ECE0527A6} = {963BA4E5-499A-454D-B002-1D5ECE0527A6}
		{98D24A3D-7666-4C11-9D6E-B10393CE8CBA} = {98D24A3D-7666-4C11-9D6E-B10393CE8CBA}
		{A0F7D1FB-59A7-4717-A7E4-96F37E91998E} = {A0F7D1FB-59A7-4717-A7E4-96F37E91998E}
		{A19B1DF2-82EC-4364-8BDF-85D13A1C89B5} = {A19B1DF2-82EC-4364-8BDF-85D13A1C89B5}
		{AC9B12ED-A2D7-4337-A981-5BD8430E96D8} = {AC9B12ED-A2D7-4337-A981-5BD8430E96D8}
		{CCCA7859-EB86-493E-9B53-C4235F45B3C5} = {CCCA7859-EB86-493E-9B53-C4235F45B3C5}
	EndProjectSection
EndProject
Project("{8BC9CEB8-8B4A-11D0-8D11-00A0C91BC942}") = "xrMiscMath", "utils\xrMiscMath\xrMiscMath.vcxproj", "{7885CF3C-EE04-4C67-9467-1FBF9A36B037}"
EndProject
Project("{8BC9CEB8-8B4A-11D0-8D11-00A0C91BC942}") = "OPCODE", "libraries\OPCODE\OPCODE.vcxproj", "{DAFD6D98-3DCD-40AD-BC85-EC71797B6767}"
EndProject
Project("{8BC9CEB8-8B4A-11D0-8D11-00A0C91BC942}") = "xrUICore", "xrUICore\xrUICore.vcxproj", "{37B3642C-B706-4C93-BC54-BADADC8FC9B1}"
EndProject
Project("{2150E333-8FDC-42A3-9474-1A3956D46DE8}") = "libraries", "libraries", "{42CA646D-3227-49BD-AC30-1E92E1DA0316}"
EndProject
Project("{8BC9CEB8-8B4A-11D0-8D11-00A0C91BC942}") = "LuaJIT", "libraries\luajit\src\luajit.vcxproj", "{632AEEB6-DC06-4E15-9551-B2B09A4B73C5}"
EndProject
Project("{8BC9CEB8-8B4A-11D0-8D11-00A0C91BC942}") = "luabind", "libraries\luabind\luabind.vcxproj", "{CCD4AFAE-AA10-42C6-A452-FDEE497CCDF1}"
	ProjectSection(ProjectDependencies) = postProject
		{632AEEB6-DC06-4E15-9551-B2B09A4B73C5} = {632AEEB6-DC06-4E15-9551-B2B09A4B73C5}
	EndProjectSection
EndProject
Project("{8BC9CEB8-8B4A-11D0-8D11-00A0C91BC942}") = "lzo", "libraries\lzo\lzo.vcxproj", "{040C386C-FF76-4F9B-BF3B-BBB1AB0E250C}"
EndProject
Project("{8BC9CEB8-8B4A-11D0-8D11-00A0C91BC942}") = "Launcher", "Launcher\stalker_agony.vcxproj", "{E9C7102F-91AE-4D6F-BE3C-14AA4B4C8331}"
EndProject
Project("{8BC9CEB8-8B4A-11D0-8D11-00A0C91BC942}") = "oalib", "libraries\OpenAutomate\oalib.vcxproj", "{61D4856F-FA82-4F02-BB88-909DDFB1FE74}"
EndProject
Project("{8BC9CEB8-8B4A-11D0-8D11-00A0C91BC942}") = "xrRender_DX9", "Layers\xrRenderDX9\xrRender_DX9.vcxproj", "{963BA4E5-499A-454D-B002-1D5ECE0527A6}"
EndProject
Project("{8BC9CEB8-8B4A-11D0-8D11-00A0C91BC942}") = "xrRender_DX11", "Layers\xrRenderDX11\xrRender_DX11.vcxproj", "{AC9B12ED-A2D7-4337-A981-5BD8430E96D8}"
EndProject
Project("{2150E333-8FDC-42A3-9474-1A3956D46DE8}") = "Renders", "Renders", "{0E21ECBA-BDD8-42EB-9756-F19991BC4B67}"
EndProject
Project("{8BC9CEB8-8B4A-11D0-8D11-00A0C91BC942}") = "zlib", "libraries\zlib\zlib.vcxproj", "{745DEC58-EBB3-47A9-A9B8-4C6627C01BF8}"
EndProject
Project("{8BC9CEB8-8B4A-11D0-8D11-00A0C91BC942}") = "libjpeg", "libraries\jpeg\libjpeg.vcxproj", "{3593C424-83CC-4445-BE1A-97DDE88FE386}"
EndProject
Project("{8BC9CEB8-8B4A-11D0-8D11-00A0C91BC942}") = "pugixml", "libraries\pugixml\pugixml.vcxproj", "{07CF01C0-B887-499D-AD9C-799CB6A9FE64}"
EndProject
Project("{8BC9CEB8-8B4A-11D0-8D11-00A0C91BC942}") = "libogg_static", "libraries\libogg\libogg_static.vcxproj", "{15CBFEFF-7965-41F5-B4E2-21E8795C9159}"
EndProject
Project("{8BC9CEB8-8B4A-11D0-8D11-00A0C91BC942}") = "libtheora_static", "libraries\libtheora\libtheora_static.vcxproj", "{653F3841-3F26-49B9-AFCF-091DB4B67031}"
EndProject
Project("{8BC9CEB8-8B4A-11D0-8D11-00A0C91BC942}") = "libvorbis_static", "libraries\libvorbis\libvorbis_static.vcxproj", "{3A214E06-B95E-4D61-A291-1F8DF2EC10FD}"
EndProject
Project("{8BC9CEB8-8B4A-11D0-8D11-00A0C91BC942}") = "libvorbisfile", "libraries\libvorbis\libvorbisfile_static.vcxproj", "{CEBDE98B-A6AA-46E6-BC79-FAAF823DB9EC}"
EndProject
Project("{8BC9CEB8-8B4A-11D0-8D11-00A0C91BC942}") = "ODE", "libraries\ode\ODE.vcxproj", "{1BF75FEB-87DD-486C-880B-227987D191C2}"
EndProject
Project("{8BC9CEB8-8B4A-11D0-8D11-00A0C91BC942}") = "lua_extensions", "libraries\lua-extensions\lua_extensions.vcxproj", "{44F716E7-05BD-4390-AB02-5F7DAF7FEFDE}"
EndProject
Global
	GlobalSection(SolutionConfigurationPlatforms) = preSolution
		Debug|x86 = Debug|x86
		Release|x86 = Release|x86
	EndGlobalSection
	GlobalSection(ProjectConfigurationPlatforms) = postSolution
		{566551F4-4EF1-4CB4-A131-F982E7606907}.Debug|x86.ActiveCfg = Debug|Win32
		{566551F4-4EF1-4CB4-A131-F982E7606907}.Debug|x86.Build.0 = Debug|Win32
		{566551F4-4EF1-4CB4-A131-F982E7606907}.Release|x86.ActiveCfg = Release|Win32
		{566551F4-4EF1-4CB4-A131-F982E7606907}.Release|x86.Build.0 = Release|Win32
		{C961EA19-716C-4A6D-BB13-689F8FB78B01}.Debug|x86.ActiveCfg = Debug|Win32
		{C961EA19-716C-4A6D-BB13-689F8FB78B01}.Release|x86.ActiveCfg = Release|Win32
		{EF76867B-6EB8-4DC0-A1D6-E964FAD6FC7B}.Debug|x86.ActiveCfg = Debug|Win32
		{EF76867B-6EB8-4DC0-A1D6-E964FAD6FC7B}.Release|x86.ActiveCfg = Release|Win32
		{EBF9B543-0830-4866-9B48-DC0740E87E8A}.Debug|x86.ActiveCfg = Debug|Win32
		{EBF9B543-0830-4866-9B48-DC0740E87E8A}.Debug|x86.Build.0 = Debug|Win32
		{EBF9B543-0830-4866-9B48-DC0740E87E8A}.Release|x86.ActiveCfg = Release|Win32
		{EBF9B543-0830-4866-9B48-DC0740E87E8A}.Release|x86.Build.0 = Release|Win32
		{A19B1DF2-82EC-4364-8BDF-85D13A1C89B5}.Debug|x86.ActiveCfg = Debug|Win32
		{A19B1DF2-82EC-4364-8BDF-85D13A1C89B5}.Debug|x86.Build.0 = Debug|Win32
		{A19B1DF2-82EC-4364-8BDF-85D13A1C89B5}.Release|x86.ActiveCfg = Release|Win32
		{A19B1DF2-82EC-4364-8BDF-85D13A1C89B5}.Release|x86.Build.0 = Release|Win32
		{A0F7D1FB-59A7-4717-A7E4-96F37E91998E}.Debug|x86.ActiveCfg = Debug|Win32
		{A0F7D1FB-59A7-4717-A7E4-96F37E91998E}.Debug|x86.Build.0 = Debug|Win32
		{A0F7D1FB-59A7-4717-A7E4-96F37E91998E}.Release|x86.ActiveCfg = Release|Win32
		{A0F7D1FB-59A7-4717-A7E4-96F37E91998E}.Release|x86.Build.0 = Release|Win32
		{200652A6-043E-4634-8837-87983B3BD5E0}.Debug|x86.ActiveCfg = Debug|Win32
		{200652A6-043E-4634-8837-87983B3BD5E0}.Debug|x86.Build.0 = Debug|Win32
		{200652A6-043E-4634-8837-87983B3BD5E0}.Release|x86.ActiveCfg = Release|Win32
		{200652A6-043E-4634-8837-87983B3BD5E0}.Release|x86.Build.0 = Release|Win32
		{435BAC9A-B225-457D-AB40-C9BD0CC8838C}.Debug|x86.ActiveCfg = Debug|Win32
		{435BAC9A-B225-457D-AB40-C9BD0CC8838C}.Debug|x86.Build.0 = Debug|Win32
		{435BAC9A-B225-457D-AB40-C9BD0CC8838C}.Release|x86.ActiveCfg = Release|Win32
		{435BAC9A-B225-457D-AB40-C9BD0CC8838C}.Release|x86.Build.0 = Release|Win32
		{94A1C366-3D19-48E6-8170-4ADC2E70DF97}.Debug|x86.ActiveCfg = Debug|Win32
		{94A1C366-3D19-48E6-8170-4ADC2E70DF97}.Debug|x86.Build.0 = Debug|Win32
		{94A1C366-3D19-48E6-8170-4ADC2E70DF97}.Release|x86.ActiveCfg = Release|Win32
		{94A1C366-3D19-48E6-8170-4ADC2E70DF97}.Release|x86.Build.0 = Release|Win32
		{CCCA7859-EB86-493E-9B53-C4235F45B3C5}.Debug|x86.ActiveCfg = Debug|Win32
		{CCCA7859-EB86-493E-9B53-C4235F45B3C5}.Debug|x86.Build.0 = Debug|Win32
		{CCCA7859-EB86-493E-9B53-C4235F45B3C5}.Release|x86.ActiveCfg = Release|Win32
		{CCCA7859-EB86-493E-9B53-C4235F45B3C5}.Release|x86.Build.0 = Release|Win32
		{1DAEC516-E52C-4A3C-A4DA-AE3553E6E0F8}.Debug|x86.ActiveCfg = Debug|Win32
		{1DAEC516-E52C-4A3C-A4DA-AE3553E6E0F8}.Debug|x86.Build.0 = Debug|Win32
		{1DAEC516-E52C-4A3C-A4DA-AE3553E6E0F8}.Release|x86.ActiveCfg = Release|Win32
		{1DAEC516-E52C-4A3C-A4DA-AE3553E6E0F8}.Release|x86.Build.0 = Release|Win32
		{2578C6D8-660D-48AE-9322-7422F8664F06}.Debug|x86.ActiveCfg = Debug|Win32
		{2578C6D8-660D-48AE-9322-7422F8664F06}.Debug|x86.Build.0 = Debug|Win32
		{2578C6D8-660D-48AE-9322-7422F8664F06}.Release|x86.ActiveCfg = Release|Win32
		{2578C6D8-660D-48AE-9322-7422F8664F06}.Release|x86.Build.0 = Release|Win32
		{98D24A3D-7666-4C11-9D6E-B10393CE8CBA}.Debug|x86.ActiveCfg = Debug|Win32
		{98D24A3D-7666-4C11-9D6E-B10393CE8CBA}.Debug|x86.Build.0 = Debug|Win32
		{98D24A3D-7666-4C11-9D6E-B10393CE8CBA}.Release|x86.ActiveCfg = Release|Win32
		{98D24A3D-7666-4C11-9D6E-B10393CE8CBA}.Release|x86.Build.0 = Release|Win32
		{880CD250-BA77-4DAF-A8D4-552F12DD3AE4}.Debug|x86.ActiveCfg = Debug|Win32
		{880CD250-BA77-4DAF-A8D4-552F12DD3AE4}.Debug|x86.Build.0 = Debug|Win32
		{880CD250-BA77-4DAF-A8D4-552F12DD3AE4}.Release|x86.ActiveCfg = Release|Win32
		{880CD250-BA77-4DAF-A8D4-552F12DD3AE4}.Release|x86.Build.0 = Release|Win32
		{0EB257DC-5CFC-44B0-82C9-CE6B158BE473}.Debug|x86.ActiveCfg = Debug|Win32
		{0EB257DC-5CFC-44B0-82C9-CE6B158BE473}.Debug|x86.Build.0 = Debug|Win32
		{0EB257DC-5CFC-44B0-82C9-CE6B158BE473}.Release|x86.ActiveCfg = Release|Win32
		{0EB257DC-5CFC-44B0-82C9-CE6B158BE473}.Release|x86.Build.0 = Release|Win32
		{5CB057D8-4464-40A6-AF10-C26B826D1D90}.Debug|x86.ActiveCfg = Debug|Win32
		{5CB057D8-4464-40A6-AF10-C26B826D1D90}.Debug|x86.Build.0 = Debug|Win32
		{5CB057D8-4464-40A6-AF10-C26B826D1D90}.Release|x86.ActiveCfg = Release|Win32
		{5CB057D8-4464-40A6-AF10-C26B826D1D90}.Release|x86.Build.0 = Release|Win32
		{132C62DE-DE85-4978-9675-C78ED4DA46F0}.Debug|x86.ActiveCfg = Debug|Win32
		{132C62DE-DE85-4978-9675-C78ED4DA46F0}.Debug|x86.Build.0 = Debug|Win32
		{132C62DE-DE85-4978-9675-C78ED4DA46F0}.Release|x86.ActiveCfg = Release|Win32
		{132C62DE-DE85-4978-9675-C78ED4DA46F0}.Release|x86.Build.0 = Release|Win32
		{EDB0DFAF-5D6F-4D74-AE66-0DDADE12A7F6}.Debug|x86.ActiveCfg = Debug|Win32
		{EDB0DFAF-5D6F-4D74-AE66-0DDADE12A7F6}.Debug|x86.Build.0 = Debug|Win32
		{EDB0DFAF-5D6F-4D74-AE66-0DDADE12A7F6}.Release|x86.ActiveCfg = Release|Win32
		{EDB0DFAF-5D6F-4D74-AE66-0DDADE12A7F6}.Release|x86.Build.0 = Release|Win32
		{7885CF3C-EE04-4C67-9467-1FBF9A36B037}.Debug|x86.ActiveCfg = Debug|Win32
		{7885CF3C-EE04-4C67-9467-1FBF9A36B037}.Debug|x86.Build.0 = Debug|Win32
		{7885CF3C-EE04-4C67-9467-1FBF9A36B037}.Release|x86.ActiveCfg = Release|Win32
		{7885CF3C-EE04-4C67-9467-1FBF9A36B037}.Release|x86.Build.0 = Release|Win32
		{DAFD6D98-3DCD-40AD-BC85-EC71797B6767}.Debug|x86.ActiveCfg = Debug|Win32
		{DAFD6D98-3DCD-40AD-BC85-EC71797B6767}.Debug|x86.Build.0 = Debug|Win32
		{DAFD6D98-3DCD-40AD-BC85-EC71797B6767}.Release|x86.ActiveCfg = Release|Win32
		{DAFD6D98-3DCD-40AD-BC85-EC71797B6767}.Release|x86.Build.0 = Release|Win32
		{37B3642C-B706-4C93-BC54-BADADC8FC9B1}.Debug|x86.ActiveCfg = Debug|Win32
		{37B3642C-B706-4C93-BC54-BADADC8FC9B1}.Debug|x86.Build.0 = Debug|Win32
		{37B3642C-B706-4C93-BC54-BADADC8FC9B1}.Release|x86.ActiveCfg = Release|Win32
		{37B3642C-B706-4C93-BC54-BADADC8FC9B1}.Release|x86.Build.0 = Release|Win32
		{632AEEB6-DC06-4E15-9551-B2B09A4B73C5}.Debug|x86.ActiveCfg = Debug|Win32
		{632AEEB6-DC06-4E15-9551-B2B09A4B73C5}.Release|x86.ActiveCfg = Release|Win32
		{CCD4AFAE-AA10-42C6-A452-FDEE497CCDF1}.Debug|x86.ActiveCfg = Debug|Win32
		{CCD4AFAE-AA10-42C6-A452-FDEE497CCDF1}.Debug|x86.Build.0 = Debug|Win32
		{CCD4AFAE-AA10-42C6-A452-FDEE497CCDF1}.Release|x86.ActiveCfg = Release|Win32
		{CCD4AFAE-AA10-42C6-A452-FDEE497CCDF1}.Release|x86.Build.0 = Release|Win32
		{040C386C-FF76-4F9B-BF3B-BBB1AB0E250C}.Debug|x86.ActiveCfg = Debug|Win32
		{040C386C-FF76-4F9B-BF3B-BBB1AB0E250C}.Debug|x86.Build.0 = Debug|Win32
		{040C386C-FF76-4F9B-BF3B-BBB1AB0E250C}.Release|x86.ActiveCfg = Release|Win32
		{040C386C-FF76-4F9B-BF3B-BBB1AB0E250C}.Release|x86.Build.0 = Release|Win32
		{E9C7102F-91AE-4D6F-BE3C-14AA4B4C8331}.Debug|x86.ActiveCfg = Debug|Win32
		{E9C7102F-91AE-4D6F-BE3C-14AA4B4C8331}.Debug|x86.Build.0 = Debug|Win32
		{E9C7102F-91AE-4D6F-BE3C-14AA4B4C8331}.Release|x86.ActiveCfg = Release|Win32
		{E9C7102F-91AE-4D6F-BE3C-14AA4B4C8331}.Release|x86.Build.0 = Release|Win32
		{61D4856F-FA82-4F02-BB88-909DDFB1FE74}.Debug|x86.ActiveCfg = Debug|Win32
		{61D4856F-FA82-4F02-BB88-909DDFB1FE74}.Debug|x86.Build.0 = Debug|Win32
		{61D4856F-FA82-4F02-BB88-909DDFB1FE74}.Release|x86.ActiveCfg = Release|Win32
		{61D4856F-FA82-4F02-BB88-909DDFB1FE74}.Release|x86.Build.0 = Release|Win32
		{963BA4E5-499A-454D-B002-1D5ECE0527A6}.Debug|x86.ActiveCfg = Debug|Win32
		{963BA4E5-499A-454D-B002-1D5ECE0527A6}.Debug|x86.Build.0 = Debug|Win32
		{963BA4E5-499A-454D-B002-1D5ECE0527A6}.Release|x86.ActiveCfg = Release|Win32
		{963BA4E5-499A-454D-B002-1D5ECE0527A6}.Release|x86.Build.0 = Release|Win32
		{AC9B12ED-A2D7-4337-A981-5BD8430E96D8}.Debug|x86.ActiveCfg = Debug|Win32
		{AC9B12ED-A2D7-4337-A981-5BD8430E96D8}.Debug|x86.Build.0 = Debug|Win32
		{AC9B12ED-A2D7-4337-A981-5BD8430E96D8}.Release|x86.ActiveCfg = Release|Win32
		{AC9B12ED-A2D7-4337-A981-5BD8430E96D8}.Release|x86.Build.0 = Release|Win32
		{745DEC58-EBB3-47A9-A9B8-4C6627C01BF8}.Debug|x86.ActiveCfg = Debug|Win32
		{745DEC58-EBB3-47A9-A9B8-4C6627C01BF8}.Debug|x86.Build.0 = Debug|Win32
		{745DEC58-EBB3-47A9-A9B8-4C6627C01BF8}.Release|x86.ActiveCfg = Release|Win32
		{745DEC58-EBB3-47A9-A9B8-4C6627C01BF8}.Release|x86.Build.0 = Release|Win32
		{3593C424-83CC-4445-BE1A-97DDE88FE386}.Debug|x86.ActiveCfg = Debug|Win32
		{3593C424-83CC-4445-BE1A-97DDE88FE386}.Debug|x86.Build.0 = Debug|Win32
		{3593C424-83CC-4445-BE1A-97DDE88FE386}.Release|x86.ActiveCfg = Release|Win32
		{3593C424-83CC-4445-BE1A-97DDE88FE386}.Release|x86.Build.0 = Release|Win32
		{07CF01C0-B887-499D-AD9C-799CB6A9FE64}.Debug|x86.ActiveCfg = Debug|Win32
		{07CF01C0-B887-499D-AD9C-799CB6A9FE64}.Debug|x86.Build.0 = Debug|Win32
		{07CF01C0-B887-499D-AD9C-799CB6A9FE64}.Release|x86.ActiveCfg = Release|Win32
		{07CF01C0-B887-499D-AD9C-799CB6A9FE64}.Release|x86.Build.0 = Release|Win32
		{15CBFEFF-7965-41F5-B4E2-21E8795C9159}.Debug|x86.ActiveCfg = Debug|Win32
		{15CBFEFF-7965-41F5-B4E2-21E8795C9159}.Debug|x86.Build.0 = Debug|Win32
		{15CBFEFF-7965-41F5-B4E2-21E8795C9159}.Release|x86.ActiveCfg = Release|Win32
		{15CBFEFF-7965-41F5-B4E2-21E8795C9159}.Release|x86.Build.0 = Release|Win32
		{653F3841-3F26-49B9-AFCF-091DB4B67031}.Debug|x86.ActiveCfg = Debug|Win32
		{653F3841-3F26-49B9-AFCF-091DB4B67031}.Debug|x86.Build.0 = Debug|Win32
		{653F3841-3F26-49B9-AFCF-091DB4B67031}.Release|x86.ActiveCfg = Release|Win32
		{653F3841-3F26-49B9-AFCF-091DB4B67031}.Release|x86.Build.0 = Release|Win32
		{3A214E06-B95E-4D61-A291-1F8DF2EC10FD}.Debug|x86.ActiveCfg = Debug|Win32
		{3A214E06-B95E-4D61-A291-1F8DF2EC10FD}.Debug|x86.Build.0 = Debug|Win32
		{3A214E06-B95E-4D61-A291-1F8DF2EC10FD}.Release|x86.ActiveCfg = Release|Win32
		{3A214E06-B95E-4D61-A291-1F8DF2EC10FD}.Release|x86.Build.0 = Release|Win32
		{CEBDE98B-A6AA-46E6-BC79-FAAF823DB9EC}.Debug|x86.ActiveCfg = Debug|Win32
		{CEBDE98B-A6AA-46E6-BC79-FAAF823DB9EC}.Debug|x86.Build.0 = Debug|Win32
		{CEBDE98B-A6AA-46E6-BC79-FAAF823DB9EC}.Release|x86.ActiveCfg = Release|Win32
		{CEBDE98B-A6AA-46E6-BC79-FAAF823DB9EC}.Release|x86.Build.0 = Release|Win32
		{1BF75FEB-87DD-486C-880B-227987D191C2}.Debug|x86.ActiveCfg = Debug|Win32
		{1BF75FEB-87DD-486C-880B-227987D191C2}.Debug|x86.Build.0 = Debug|Win32
		{1BF75FEB-87DD-486C-880B-227987D191C2}.Release|x86.ActiveCfg = Release|Win32
		{1BF75FEB-87DD-486C-880B-227987D191C2}.Release|x86.Build.0 = Release|Win32
		{44F716E7-05BD-4390-AB02-5F7DAF7FEFDE}.Debug|x86.ActiveCfg = Debug|Win32
		{44F716E7-05BD-4390-AB02-5F7DAF7FEFDE}.Debug|x86.Build.0 = Debug|Win32
		{44F716E7-05BD-4390-AB02-5F7DAF7FEFDE}.Release|x86.ActiveCfg = Release|Win32
		{44F716E7-05BD-4390-AB02-5F7DAF7FEFDE}.Release|x86.Build.0 = Release|Win32
	EndGlobalSection
	GlobalSection(SolutionProperties) = preSolution
		HideSolutionNode = FALSE
	EndGlobalSection
	GlobalSection(NestedProjects) = preSolution
		{566551F4-4EF1-4CB4-A131-F982E7606907} = {42CA646D-3227-49BD-AC30-1E92E1DA0316}
		{C961EA19-716C-4A6D-BB13-689F8FB78B01} = {89F6A7EE-3BBE-45D3-A8A8-5D9366CD987B}
		{EF76867B-6EB8-4DC0-A1D6-E964FAD6FC7B} = {89F6A7EE-3BBE-45D3-A8A8-5D9366CD987B}
		{EBF9B543-0830-4866-9B48-DC0740E87E8A} = {89F6A7EE-3BBE-45D3-A8A8-5D9366CD987B}
		{880CD250-BA77-4DAF-A8D4-552F12DD3AE4} = {42CA646D-3227-49BD-AC30-1E92E1DA0316}
		{0EB257DC-5CFC-44B0-82C9-CE6B158BE473} = {42CA646D-3227-49BD-AC30-1E92E1DA0316}
		{7885CF3C-EE04-4C67-9467-1FBF9A36B037} = {89F6A7EE-3BBE-45D3-A8A8-5D9366CD987B}
		{DAFD6D98-3DCD-40AD-BC85-EC71797B6767} = {42CA646D-3227-49BD-AC30-1E92E1DA0316}
		{632AEEB6-DC06-4E15-9551-B2B09A4B73C5} = {42CA646D-3227-49BD-AC30-1E92E1DA0316}
		{CCD4AFAE-AA10-42C6-A452-FDEE497CCDF1} = {42CA646D-3227-49BD-AC30-1E92E1DA0316}
		{040C386C-FF76-4F9B-BF3B-BBB1AB0E250C} = {42CA646D-3227-49BD-AC30-1E92E1DA0316}
		{61D4856F-FA82-4F02-BB88-909DDFB1FE74} = {42CA646D-3227-49BD-AC30-1E92E1DA0316}
		{963BA4E5-499A-454D-B002-1D5ECE0527A6} = {0E21ECBA-BDD8-42EB-9756-F19991BC4B67}
		{AC9B12ED-A2D7-4337-A981-5BD8430E96D8} = {0E21ECBA-BDD8-42EB-9756-F19991BC4B67}
		{745DEC58-EBB3-47A9-A9B8-4C6627C01BF8} = {42CA646D-3227-49BD-AC30-1E92E1DA0316}
		{3593C424-83CC-4445-BE1A-97DDE88FE386} = {42CA646D-3227-49BD-AC30-1E92E1DA0316}
		{07CF01C0-B887-499D-AD9C-799CB6A9FE64} = {42CA646D-3227-49BD-AC30-1E92E1DA0316}
		{15CBFEFF-7965-41F5-B4E2-21E8795C9159} = {42CA646D-3227-49BD-AC30-1E92E1DA0316}
		{653F3841-3F26-49B9-AFCF-091DB4B67031} = {42CA646D-3227-49BD-AC30-1E92E1DA0316}
		{3A214E06-B95E-4D61-A291-1F8DF2EC10FD} = {42CA646D-3227-49BD-AC30-1E92E1DA0316}
		{CEBDE98B-A6AA-46E6-BC79-FAAF823DB9EC} = {42CA646D-3227-49BD-AC30-1E92E1DA0316}
		{1BF75FEB-87DD-486C-880B-227987D191C2} = {42CA646D-3227-49BD-AC30-1E92E1DA0316}
		{44F716E7-05BD-4390-AB02-5F7DAF7FEFDE} = {42CA646D-3227-49BD-AC30-1E92E1DA0316}
	EndGlobalSection
	GlobalSection(ExtensibilityGlobals) = postSolution
		SolutionGuid = {C5A32302-94F5-41B8-9606-017BB6BA69A6}
	EndGlobalSection
	GlobalSection(DPCodeReviewSolutionGUID) = preSolution
		DPCodeReviewSolutionGUID = {00000000-0000-0000-0000-000000000000}
	EndGlobalSection
EndGlobal
